
Microsoft Visual Studio Solution File, Format Version 12.00
# Visual Studio Version 17
VisualStudioVersion = 17.14.36511.14 d17.14
MinimumVisualStudioVersion = 10.0.40219.1
Project("{FAE04EC0-301F-11D3-BF4B-00C04F79EFBC}") = "AddressApi", "AddressApi\AddressApi.csproj", "{9C95FAEA-9C11-4038-9385-778C1FF80EB6}"
EndProject
Global
	GlobalSection(SolutionConfigurationPlatforms) = preSolution
		Debug|Any CPU = Debug|Any CPU
		Release|Any CPU = Release|Any CPU
	EndGlobalSection
	GlobalSection(ProjectConfigurationPlatforms) = postSolution
		{9C95FAEA-9C11-4038-9385-778C1FF80EB6}.Debug|Any CPU.ActiveCfg = Debug|Any CPU
		{9C95FAEA-9C11-4038-9385-778C1FF80EB6}.Debug|Any CPU.Build.0 = Debug|Any CPU
		{9C95FAEA-9C11-4038-9385-778C1FF80EB6}.Release|Any CPU.ActiveCfg = Release|Any CPU
		{9C95FAEA-9C11-4038-9385-778C1FF80EB6}.Release|Any CPU.Build.0 = Release|Any CPU
	EndGlobalSection
	GlobalSection(SolutionProperties) = preSolution
		HideSolutionNode = FALSE
	EndGlobalSection
	GlobalSection(ExtensibilityGlobals) = postSolution
		SolutionGuid = {AC57E221-3AC5-452A-B99E-F4D5740A9570}
	EndGlobalSection
EndGlobal
